
Microsoft Visual Studio Solution File, Format Version 12.00
# Visual Studio Version 16
VisualStudioVersion = 16.0.30413.136
MinimumVisualStudioVersion = 10.0.40219.1
Project("{9A19103F-16F7-4668-BE54-9A1E7A4F7556}") = "Classwork_02", "Classwork_02\Classwork_02.csproj", "{2DE96E0D-8186-4F2E-84E6-75FACE4CDF51}"
EndProject
Project("{9A19103F-16F7-4668-BE54-9A1E7A4F7556}") = "Task1", "Task1\Task1.csproj", "{B2122D05-6FC7-46AD-B1E5-7BC6E50568C7}"
EndProject
Project("{9A19103F-16F7-4668-BE54-9A1E7A4F7556}") = "Task3", "Task3\Task3.csproj", "{6A161D9A-9A05-43FA-8D34-7ED32D840750}"
EndProject
Project("{9A19103F-16F7-4668-BE54-9A1E7A4F7556}") = "Task2", "Task2\Task2.csproj", "{18221A34-BAE4-4E40-92B4-405FD8BE0F5D}"
EndProject
Project("{9A19103F-16F7-4668-BE54-9A1E7A4F7556}") = "Task5", "Task5\Task5.csproj", "{D7BBC66A-F761-4F61-AD29-3CA9DE5B8D5A}"
EndProject
Project("{FAE04EC0-301F-11D3-BF4B-00C04F79EFBC}") = "Task6", "Task6\Task6.csproj", "{28585585-AF94-431A-BF57-0AB098B90A7E}"
EndProject
Global
	GlobalSection(SolutionConfigurationPlatforms) = preSolution
		Debug|Any CPU = Debug|Any CPU
		Release|Any CPU = Release|Any CPU
	EndGlobalSection
	GlobalSection(ProjectConfigurationPlatforms) = postSolution
		{2DE96E0D-8186-4F2E-84E6-75FACE4CDF51}.Debug|Any CPU.ActiveCfg = Debug|Any CPU
		{2DE96E0D-8186-4F2E-84E6-75FACE4CDF51}.Debug|Any CPU.Build.0 = Debug|Any CPU
		{2DE96E0D-8186-4F2E-84E6-75FACE4CDF51}.Release|Any CPU.ActiveCfg = Release|Any CPU
		{2DE96E0D-8186-4F2E-84E6-75FACE4CDF51}.Release|Any CPU.Build.0 = Release|Any CPU
		{B2122D05-6FC7-46AD-B1E5-7BC6E50568C7}.Debug|Any CPU.ActiveCfg = Debug|Any CPU
		{B2122D05-6FC7-46AD-B1E5-7BC6E50568C7}.Debug|Any CPU.Build.0 = Debug|Any CPU
		{B2122D05-6FC7-46AD-B1E5-7BC6E50568C7}.Release|Any CPU.ActiveCfg = Release|Any CPU
		{B2122D05-6FC7-46AD-B1E5-7BC6E50568C7}.Release|Any CPU.Build.0 = Release|Any CPU
		{6A161D9A-9A05-43FA-8D34-7ED32D840750}.Debug|Any CPU.ActiveCfg = Debug|Any CPU
		{6A161D9A-9A05-43FA-8D34-7ED32D840750}.Debug|Any CPU.Build.0 = Debug|Any CPU
		{6A161D9A-9A05-43FA-8D34-7ED32D840750}.Release|Any CPU.ActiveCfg = Release|Any CPU
		{6A161D9A-9A05-43FA-8D34-7ED32D840750}.Release|Any CPU.Build.0 = Release|Any CPU
		{18221A34-BAE4-4E40-92B4-405FD8BE0F5D}.Debug|Any CPU.ActiveCfg = Debug|Any CPU
		{18221A34-BAE4-4E40-92B4-405FD8BE0F5D}.Debug|Any CPU.Build.0 = Debug|Any CPU
		{18221A34-BAE4-4E40-92B4-405FD8BE0F5D}.Release|Any CPU.ActiveCfg = Release|Any CPU
		{18221A34-BAE4-4E40-92B4-405FD8BE0F5D}.Release|Any CPU.Build.0 = Release|Any CPU
		{D7BBC66A-F761-4F61-AD29-3CA9DE5B8D5A}.Debug|Any CPU.ActiveCfg = Debug|Any CPU
		{D7BBC66A-F761-4F61-AD29-3CA9DE5B8D5A}.Debug|Any CPU.Build.0 = Debug|Any CPU
		{D7BBC66A-F761-4F61-AD29-3CA9DE5B8D5A}.Release|Any CPU.ActiveCfg = Release|Any CPU
		{D7BBC66A-F761-4F61-AD29-3CA9DE5B8D5A}.Release|Any CPU.Build.0 = Release|Any CPU
		{28585585-AF94-431A-BF57-0AB098B90A7E}.Debug|Any CPU.ActiveCfg = Debug|Any CPU
		{28585585-AF94-431A-BF57-0AB098B90A7E}.Debug|Any CPU.Build.0 = Debug|Any CPU
		{28585585-AF94-431A-BF57-0AB098B90A7E}.Release|Any CPU.ActiveCfg = Release|Any CPU
		{28585585-AF94-431A-BF57-0AB098B90A7E}.Release|Any CPU.Build.0 = Release|Any CPU
	EndGlobalSection
	GlobalSection(SolutionProperties) = preSolution
		HideSolutionNode = FALSE
	EndGlobalSection
	GlobalSection(ExtensibilityGlobals) = postSolution
		SolutionGuid = {35D1C398-305B-4721-9CFF-93D365EC89DB}
	EndGlobalSection
EndGlobal
